
Microsoft Visual Studio Solution File, Format Version 12.00
# Visual Studio Version 17
VisualStudioVersion = 17.1.32328.378
MinimumVisualStudioVersion = 10.0.40219.1
Project("{9A19103F-16F7-4668-BE54-9A1E7A4F7556}") = "Auros.WebUI", "Auros.WebUI\Auros.WebUI.csproj", "{AB9B08AB-97F0-4611-B3F3-9CA975CD5083}"
EndProject
Project("{FAE04EC0-301F-11D3-BF4B-00C04F79EFBC}") = "Auros.WebApi", "Auros.WebApi\Auros.WebApi.csproj", "{01323A36-CB2C-42C1-BD26-57BB6F09BDF1}"
EndProject
Global
	GlobalSection(SolutionConfigurationPlatforms) = preSolution
		Debug|Any CPU = Debug|Any CPU
		Release|Any CPU = Release|Any CPU
	EndGlobalSection
	GlobalSection(ProjectConfigurationPlatforms) = postSolution
		{AB9B08AB-97F0-4611-B3F3-9CA975CD5083}.Debug|Any CPU.ActiveCfg = Debug|Any CPU
		{AB9B08AB-97F0-4611-B3F3-9CA975CD5083}.Debug|Any CPU.Build.0 = Debug|Any CPU
		{AB9B08AB-97F0-4611-B3F3-9CA975CD5083}.Release|Any CPU.ActiveCfg = Release|Any CPU
		{AB9B08AB-97F0-4611-B3F3-9CA975CD5083}.Release|Any CPU.Build.0 = Release|Any CPU
		{01323A36-CB2C-42C1-BD26-57BB6F09BDF1}.Debug|Any CPU.ActiveCfg = Debug|Any CPU
		{01323A36-CB2C-42C1-BD26-57BB6F09BDF1}.Debug|Any CPU.Build.0 = Debug|Any CPU
		{01323A36-CB2C-42C1-BD26-57BB6F09BDF1}.Release|Any CPU.ActiveCfg = Release|Any CPU
		{01323A36-CB2C-42C1-BD26-57BB6F09BDF1}.Release|Any CPU.Build.0 = Release|Any CPU
	EndGlobalSection
	GlobalSection(SolutionProperties) = preSolution
		HideSolutionNode = FALSE
	EndGlobalSection
	GlobalSection(ExtensibilityGlobals) = postSolution
		SolutionGuid = {FDAE181B-B3BD-4AD7-8040-03D00612212D}
	EndGlobalSection
EndGlobal
